// !$*UTF8*$!
{
	archiveVersion = 1;
	classes = {
	};
	objectVersion = 70;
	objects = {

/* Begin PBXBuildFile section */
		AD189A8A2D9C31AD008B987F /* libCalculator.dylib in Frameworks */ = {isa = PBXBuildFile; fileRef = AD189A842D9C317D008B987F /* libCalculator.dylib */; };
		AD189A8B2D9C31AD008B987F /* libCalculator.dylib in Embed Frameworks */ = {isa = PBXBuildFile; fileRef = AD189A842D9C317D008B987F /* libCalculator.dylib */; settings = {ATTRIBUTES = (CodeSignOnCopy, ); }; };
		AD189A8E2D9C31B5008B987F /* libCalculator.dylib in Frameworks */ = {isa = PBXBuildFile; fileRef = AD189A842D9C317D008B987F /* libCalculator.dylib */; };
		AD189AA22D9C31F1008B987F /* XPCDistributedActorSystem in Frameworks */ = {isa = PBXBuildFile; productRef = AD189AA12D9C31F1008B987F /* XPCDistributedActorSystem */; };
		ADBD377A2D02484300A14C26 /* Shared.swift in Sources */ = {isa = PBXBuildFile; fileRef = ADBD37782D02484100A14C26 /* Shared.swift */; };
		ADBD377B2D02484800A14C26 /* Shared.swift in Sources */ = {isa = PBXBuildFile; fileRef = ADBD37782D02484100A14C26 /* Shared.swift */; };
		ADBD378D2D03BC7700A14C26 /* com.yourcompany.XPCDistributedActorExample.CalculatorDaemon.plist in Resources */ = {isa = PBXBuildFile; fileRef = ADBD378C2D03BC7700A14C26 /* com.yourcompany.XPCDistributedActorExample.CalculatorDaemon.plist */; };
		ADBD37912D03BD0000A14C26 /* com.yourcompany.XPCDistributedActorExample.CalculatorDaemon.plist in Copy LaunchDaemon .plist */ = {isa = PBXBuildFile; fileRef = ADBD378C2D03BC7700A14C26 /* com.yourcompany.XPCDistributedActorExample.CalculatorDaemon.plist */; settings = {ATTRIBUTES = (CodeSignOnCopy, ); }; };
		ADBD37952D03BD3700A14C26 /* CalculatorDaemon.app in Copy Daemon */ = {isa = PBXBuildFile; fileRef = ADBD37402D02471400A14C26 /* CalculatorDaemon.app */; settings = {ATTRIBUTES = (RemoveHeadersOnCopy, ); }; };
/* End PBXBuildFile section */

/* Begin PBXContainerItemProxy section */
		AD189A8C2D9C31AD008B987F /* PBXContainerItemProxy */ = {
			isa = PBXContainerItemProxy;
			containerPortal = AD8C4B5D2CBE9EEB0093E531 /* Project object */;
			proxyType = 1;
			remoteGlobalIDString = AD189A832D9C317D008B987F;
			remoteInfo = Calculator;
		};
		AD189A902D9C31B5008B987F /* PBXContainerItemProxy */ = {
			isa = PBXContainerItemProxy;
			containerPortal = AD8C4B5D2CBE9EEB0093E531 /* Project object */;
			proxyType = 1;
			remoteGlobalIDString = AD189A832D9C317D008B987F;
			remoteInfo = Calculator;
		};
		ADBD37922D03BD2400A14C26 /* PBXContainerItemProxy */ = {
			isa = PBXContainerItemProxy;
			containerPortal = AD8C4B5D2CBE9EEB0093E531 /* Project object */;
			proxyType = 1;
			remoteGlobalIDString = ADBD373F2D02471400A14C26;
			remoteInfo = CalculatorDaemon;
		};
/* End PBXContainerItemProxy section */

/* Begin PBXCopyFilesBuildPhase section */
		ADBB9AA12CD3EC0700BEACA6 /* Embed Frameworks */ = {
			isa = PBXCopyFilesBuildPhase;
			buildActionMask = 2147483647;
			dstPath = "";
			dstSubfolderSpec = 10;
			files = (
				AD189A8B2D9C31AD008B987F /* libCalculator.dylib in Embed Frameworks */,
			);
			name = "Embed Frameworks";
			runOnlyForDeploymentPostprocessing = 0;
		};
		ADBD37902D03BCF800A14C26 /* Copy LaunchDaemon .plist */ = {
			isa = PBXCopyFilesBuildPhase;
			buildActionMask = 2147483647;
			dstPath = Contents/Library/LaunchDaemons;
			dstSubfolderSpec = 1;
			files = (
				ADBD37912D03BD0000A14C26 /* com.yourcompany.XPCDistributedActorExample.CalculatorDaemon.plist in Copy LaunchDaemon .plist */,
			);
			name = "Copy LaunchDaemon .plist";
			runOnlyForDeploymentPostprocessing = 0;
		};
		ADBD37942D03BD2800A14C26 /* Copy Daemon */ = {
			isa = PBXCopyFilesBuildPhase;
			buildActionMask = 2147483647;
			dstPath = "";
			dstSubfolderSpec = 6;
			files = (
				ADBD37952D03BD3700A14C26 /* CalculatorDaemon.app in Copy Daemon */,
			);
			name = "Copy Daemon";
			runOnlyForDeploymentPostprocessing = 0;
		};
/* End PBXCopyFilesBuildPhase section */

/* Begin PBXFileReference section */
		AD189A842D9C317D008B987F /* libCalculator.dylib */ = {isa = PBXFileReference; explicitFileType = "compiled.mach-o.dylib"; includeInIndex = 0; path = libCalculator.dylib; sourceTree = BUILT_PRODUCTS_DIR; };
		ADBB9A7D2CD3EB5000BEACA6 /* Calculator App.app */ = {isa = PBXFileReference; explicitFileType = wrapper.application; includeInIndex = 0; path = "Calculator App.app"; sourceTree = BUILT_PRODUCTS_DIR; };
		ADBD36C12CF647A100A14C26 /* Config.xcconfig */ = {isa = PBXFileReference; lastKnownFileType = text.xcconfig; path = Config.xcconfig; sourceTree = "<group>"; };
		ADBD37402D02471400A14C26 /* CalculatorDaemon.app */ = {isa = PBXFileReference; explicitFileType = wrapper.application; includeInIndex = 0; path = CalculatorDaemon.app; sourceTree = BUILT_PRODUCTS_DIR; };
		ADBD37782D02484100A14C26 /* Shared.swift */ = {isa = PBXFileReference; lastKnownFileType = sourcecode.swift; path = Shared.swift; sourceTree = "<group>"; };
		ADBD378C2D03BC7700A14C26 /* com.yourcompany.XPCDistributedActorExample.CalculatorDaemon.plist */ = {isa = PBXFileReference; lastKnownFileType = text.plist.xml; path = com.yourcompany.XPCDistributedActorExample.CalculatorDaemon.plist; sourceTree = "<group>"; };
/* End PBXFileReference section */

/* Begin PBXFileSystemSynchronizedBuildFileExceptionSet section */
		AD189A892D9C31A6008B987F /* PBXFileSystemSynchronizedBuildFileExceptionSet */ = {
			isa = PBXFileSystemSynchronizedBuildFileExceptionSet;
			membershipExceptions = (
				Calculator.swift,
			);
			target = AD189A832D9C317D008B987F /* Calculator */;
		};
/* End PBXFileSystemSynchronizedBuildFileExceptionSet section */

/* Begin PBXFileSystemSynchronizedRootGroup section */
		ADBB9A7E2CD3EB5000BEACA6 /* Calculator App */ = {isa = PBXFileSystemSynchronizedRootGroup; explicitFileTypes = {}; explicitFolders = (); path = "Calculator App"; sourceTree = "<group>"; };
		ADBB9ABB2CD3ECD100BEACA6 /* Calculator */ = {isa = PBXFileSystemSynchronizedRootGroup; exceptions = (AD189A892D9C31A6008B987F /* PBXFileSystemSynchronizedBuildFileExceptionSet */, ); explicitFileTypes = {}; explicitFolders = (); path = Calculator; sourceTree = "<group>"; };
		ADBD37412D02471400A14C26 /* CalculatorDaemon */ = {isa = PBXFileSystemSynchronizedRootGroup; explicitFileTypes = {}; explicitFolders = (); path = CalculatorDaemon; sourceTree = "<group>"; };
/* End PBXFileSystemSynchronizedRootGroup section */

/* Begin PBXFrameworksBuildPhase section */
		AD189A822D9C317D008B987F /* Frameworks */ = {
			isa = PBXFrameworksBuildPhase;
			buildActionMask = 2147483647;
			files = (
				AD189AA22D9C31F1008B987F /* XPCDistributedActorSystem in Frameworks */,
			);
			runOnlyForDeploymentPostprocessing = 0;
		};
		ADBB9A7A2CD3EB5000BEACA6 /* Frameworks */ = {
			isa = PBXFrameworksBuildPhase;
			buildActionMask = 2147483647;
			files = (
				AD189A8A2D9C31AD008B987F /* libCalculator.dylib in Frameworks */,
			);
			runOnlyForDeploymentPostprocessing = 0;
		};
		ADBD373D2D02471400A14C26 /* Frameworks */ = {
			isa = PBXFrameworksBuildPhase;
			buildActionMask = 2147483647;
			files = (
				AD189A8E2D9C31B5008B987F /* libCalculator.dylib in Frameworks */,
			);
			runOnlyForDeploymentPostprocessing = 0;
		};
/* End PBXFrameworksBuildPhase section */

/* Begin PBXGroup section */
		AD8C4B5C2CBE9EEB0093E531 = {
			isa = PBXGroup;
			children = (
				ADBD378C2D03BC7700A14C26 /* com.yourcompany.XPCDistributedActorExample.CalculatorDaemon.plist */,
				ADBB9A7E2CD3EB5000BEACA6 /* Calculator App */,
				ADBB9ABB2CD3ECD100BEACA6 /* Calculator */,
				ADBD37412D02471400A14C26 /* CalculatorDaemon */,
				ADBD37782D02484100A14C26 /* Shared.swift */,
				AD8C4B662CBE9EEB0093E531 /* Products */,
				AD8C4C172CC98A780093E531 /* Frameworks */,
				ADBD36C12CF647A100A14C26 /* Config.xcconfig */,
			);
			sourceTree = "<group>";
		};
		AD8C4B662CBE9EEB0093E531 /* Products */ = {
			isa = PBXGroup;
			children = (
				ADBB9A7D2CD3EB5000BEACA6 /* Calculator App.app */,
				ADBD37402D02471400A14C26 /* CalculatorDaemon.app */,
				AD189A842D9C317D008B987F /* libCalculator.dylib */,
			);
			name = Products;
			sourceTree = "<group>";
		};
		AD8C4C172CC98A780093E531 /* Frameworks */ = {
			isa = PBXGroup;
			children = (
			);
			name = Frameworks;
			sourceTree = "<group>";
		};
/* End PBXGroup section */

/* Begin PBXHeadersBuildPhase section */
		AD189A802D9C317D008B987F /* Headers */ = {
			isa = PBXHeadersBuildPhase;
			buildActionMask = 2147483647;
			files = (
			);
			runOnlyForDeploymentPostprocessing = 0;
		};
/* End PBXHeadersBuildPhase section */

/* Begin PBXNativeTarget section */
		AD189A832D9C317D008B987F /* Calculator */ = {
			isa = PBXNativeTarget;
			buildConfigurationList = AD189A852D9C317D008B987F /* Build configuration list for PBXNativeTarget "Calculator" */;
			buildPhases = (
				AD189A802D9C317D008B987F /* Headers */,
				AD189A812D9C317D008B987F /* Sources */,
				AD189A822D9C317D008B987F /* Frameworks */,
			);
			buildRules = (
			);
			dependencies = (
			);
			name = Calculator;
			packageProductDependencies = (
				AD189AA12D9C31F1008B987F /* XPCDistributedActorSystem */,
			);
			productName = Calculator;
			productReference = AD189A842D9C317D008B987F /* libCalculator.dylib */;
			productType = "com.apple.product-type.library.dynamic";
		};
		ADBB9A7C2CD3EB5000BEACA6 /* Calculator App */ = {
			isa = PBXNativeTarget;
			buildConfigurationList = ADBB9A892CD3EB5100BEACA6 /* Build configuration list for PBXNativeTarget "Calculator App" */;
			buildPhases = (
				ADBB9A792CD3EB5000BEACA6 /* Sources */,
				ADBB9A7A2CD3EB5000BEACA6 /* Frameworks */,
				ADBB9A7B2CD3EB5000BEACA6 /* Resources */,
				ADBB9AA12CD3EC0700BEACA6 /* Embed Frameworks */,
				ADBD37902D03BCF800A14C26 /* Copy LaunchDaemon .plist */,
				ADBD37942D03BD2800A14C26 /* Copy Daemon */,
			);
			buildRules = (
			);
			dependencies = (
				ADBD37932D03BD2400A14C26 /* PBXTargetDependency */,
				AD189A8D2D9C31AD008B987F /* PBXTargetDependency */,
			);
			fileSystemSynchronizedGroups = (
				ADBB9A7E2CD3EB5000BEACA6 /* Calculator App */,
			);
			name = "Calculator App";
			packageProductDependencies = (
			);
			productName = CalculatorUI;
			productReference = ADBB9A7D2CD3EB5000BEACA6 /* Calculator App.app */;
			productType = "com.apple.product-type.application";
		};
		ADBD373F2D02471400A14C26 /* CalculatorDaemon */ = {
			isa = PBXNativeTarget;
			buildConfigurationList = ADBD374C2D02471500A14C26 /* Build configuration list for PBXNativeTarget "CalculatorDaemon" */;
			buildPhases = (
				ADBD373C2D02471400A14C26 /* Sources */,
				ADBD373D2D02471400A14C26 /* Frameworks */,
				ADBD373E2D02471400A14C26 /* Resources */,
			);
			buildRules = (
			);
			dependencies = (
				AD189A912D9C31B5008B987F /* PBXTargetDependency */,
			);
			fileSystemSynchronizedGroups = (
				ADBD37412D02471400A14C26 /* CalculatorDaemon */,
			);
			name = CalculatorDaemon;
			packageProductDependencies = (
			);
			productName = CalculatorDaemon;
			productReference = ADBD37402D02471400A14C26 /* CalculatorDaemon.app */;
			productType = "com.apple.product-type.application";
		};
/* End PBXNativeTarget section */

/* Begin PBXProject section */
		AD8C4B5D2CBE9EEB0093E531 /* Project object */ = {
			isa = PBXProject;
			attributes = {
				BuildIndependentTargetsInParallel = 1;
				LastSwiftUpdateCheck = 1610;
				LastUpgradeCheck = 1600;
				TargetAttributes = {
					AD189A832D9C317D008B987F = {
						CreatedOnToolsVersion = 16.3;
					};
					ADBB9A7C2CD3EB5000BEACA6 = {
						CreatedOnToolsVersion = 16.1;
					};
					ADBD373F2D02471400A14C26 = {
						CreatedOnToolsVersion = 16.1;
					};
				};
			};
			buildConfigurationList = AD8C4B602CBE9EEB0093E531 /* Build configuration list for PBXProject "XPCDaemonExample" */;
			compatibilityVersion = "Xcode 14.0";
			developmentRegion = en;
			hasScannedForEncodings = 0;
			knownRegions = (
				en,
				Base,
			);
			mainGroup = AD8C4B5C2CBE9EEB0093E531;
			packageReferences = (
				ADBD36FA2CF648D600A14C26 /* XCLocalSwiftPackageReference "../../../XPCDistributedActorSystem" */,
			);
			productRefGroup = AD8C4B662CBE9EEB0093E531 /* Products */;
			projectDirPath = "";
			projectRoot = "";
			targets = (
				ADBB9A7C2CD3EB5000BEACA6 /* Calculator App */,
				ADBD373F2D02471400A14C26 /* CalculatorDaemon */,
				AD189A832D9C317D008B987F /* Calculator */,
			);
		};
/* End PBXProject section */

/* Begin PBXResourcesBuildPhase section */
		ADBB9A7B2CD3EB5000BEACA6 /* Resources */ = {
			isa = PBXResourcesBuildPhase;
			buildActionMask = 2147483647;
			files = (
				ADBD378D2D03BC7700A14C26 /* com.yourcompany.XPCDistributedActorExample.CalculatorDaemon.plist in Resources */,
			);
			runOnlyForDeploymentPostprocessing = 0;
		};
		ADBD373E2D02471400A14C26 /* Resources */ = {
			isa = PBXResourcesBuildPhase;
			buildActionMask = 2147483647;
			files = (
			);
			runOnlyForDeploymentPostprocessing = 0;
		};
/* End PBXResourcesBuildPhase section */

/* Begin PBXSourcesBuildPhase section */
		AD189A812D9C317D008B987F /* Sources */ = {
			isa = PBXSourcesBuildPhase;
			buildActionMask = 2147483647;
			files = (
			);
			runOnlyForDeploymentPostprocessing = 0;
		};
		ADBB9A792CD3EB5000BEACA6 /* Sources */ = {
			isa = PBXSourcesBuildPhase;
			buildActionMask = 2147483647;
			files = (
				ADBD377B2D02484800A14C26 /* Shared.swift in Sources */,
			);
			runOnlyForDeploymentPostprocessing = 0;
		};
		ADBD373C2D02471400A14C26 /* Sources */ = {
			isa = PBXSourcesBuildPhase;
			buildActionMask = 2147483647;
			files = (
				ADBD377A2D02484300A14C26 /* Shared.swift in Sources */,
			);
			runOnlyForDeploymentPostprocessing = 0;
		};
/* End PBXSourcesBuildPhase section */

/* Begin PBXTargetDependency section */
		AD189A8D2D9C31AD008B987F /* PBXTargetDependency */ = {
			isa = PBXTargetDependency;
			target = AD189A832D9C317D008B987F /* Calculator */;
			targetProxy = AD189A8C2D9C31AD008B987F /* PBXContainerItemProxy */;
		};
		AD189A912D9C31B5008B987F /* PBXTargetDependency */ = {
			isa = PBXTargetDependency;
			target = AD189A832D9C317D008B987F /* Calculator */;
			targetProxy = AD189A902D9C31B5008B987F /* PBXContainerItemProxy */;
		};
		ADBD37932D03BD2400A14C26 /* PBXTargetDependency */ = {
			isa = PBXTargetDependency;
			target = ADBD373F2D02471400A14C26 /* CalculatorDaemon */;
			targetProxy = ADBD37922D03BD2400A14C26 /* PBXContainerItemProxy */;
		};
/* End PBXTargetDependency section */

/* Begin XCBuildConfiguration section */
		AD189A862D9C317D008B987F /* Debug */ = {
			isa = XCBuildConfiguration;
			buildSettings = {
				CODE_SIGN_STYLE = Automatic;
				DYLIB_COMPATIBILITY_VERSION = 1;
				DYLIB_CURRENT_VERSION = 1;
				EXECUTABLE_PREFIX = lib;
				MACOSX_DEPLOYMENT_TARGET = 15.0;
				PRODUCT_NAME = "$(TARGET_NAME)";
				SKIP_INSTALL = YES;
				SWIFT_VERSION = 5.0;
			};
			name = Debug;
		};
		AD189A872D9C317D008B987F /* Release */ = {
			isa = XCBuildConfiguration;
			buildSettings = {
				CODE_SIGN_STYLE = Automatic;
				DYLIB_COMPATIBILITY_VERSION = 1;
				DYLIB_CURRENT_VERSION = 1;
				EXECUTABLE_PREFIX = lib;
				MACOSX_DEPLOYMENT_TARGET = 15.0;
				PRODUCT_NAME = "$(TARGET_NAME)";
				SKIP_INSTALL = YES;
				SWIFT_VERSION = 5.0;
			};
			name = Release;
		};
		AD8C4B6E2CBE9EEB0093E531 /* Debug */ = {
			isa = XCBuildConfiguration;
			baseConfigurationReference = ADBD36C12CF647A100A14C26 /* Config.xcconfig */;
			buildSettings = {
				ALWAYS_SEARCH_USER_PATHS = NO;
				ASSETCATALOG_COMPILER_GENERATE_SWIFT_ASSET_SYMBOL_EXTENSIONS = YES;
				CLANG_ANALYZER_NONNULL = YES;
				CLANG_ANALYZER_NUMBER_OBJECT_CONVERSION = YES_AGGRESSIVE;
				CLANG_CXX_LANGUAGE_STANDARD = "gnu++20";
				CLANG_ENABLE_MODULES = YES;
				CLANG_ENABLE_OBJC_ARC = YES;
				CLANG_ENABLE_OBJC_WEAK = YES;
				CLANG_WARN_BLOCK_CAPTURE_AUTORELEASING = YES;
				CLANG_WARN_BOOL_CONVERSION = YES;
				CLANG_WARN_COMMA = YES;
				CLANG_WARN_CONSTANT_CONVERSION = YES;
				CLANG_WARN_DEPRECATED_OBJC_IMPLEMENTATIONS = YES;
				CLANG_WARN_DIRECT_OBJC_ISA_USAGE = YES_ERROR;
				CLANG_WARN_DOCUMENTATION_COMMENTS = YES;
				CLANG_WARN_EMPTY_BODY = YES;
				CLANG_WARN_ENUM_CONVERSION = YES;
				CLANG_WARN_INFINITE_RECURSION = YES;
				CLANG_WARN_INT_CONVERSION = YES;
				CLANG_WARN_NON_LITERAL_NULL_CONVERSION = YES;
				CLANG_WARN_OBJC_IMPLICIT_RETAIN_SELF = YES;
				CLANG_WARN_OBJC_LITERAL_CONVERSION = YES;
				CLANG_WARN_OBJC_ROOT_CLASS = YES_ERROR;
				CLANG_WARN_QUOTED_INCLUDE_IN_FRAMEWORK_HEADER = YES;
				CLANG_WARN_RANGE_LOOP_ANALYSIS = YES;
				CLANG_WARN_STRICT_PROTOTYPES = YES;
				CLANG_WARN_SUSPICIOUS_MOVE = YES;
				CLANG_WARN_UNGUARDED_AVAILABILITY = YES_AGGRESSIVE;
				CLANG_WARN_UNREACHABLE_CODE = YES;
				CLANG_WARN__DUPLICATE_METHOD_MATCH = YES;
				COPY_PHASE_STRIP = NO;
				DEAD_CODE_STRIPPING = YES;
				DEBUG_INFORMATION_FORMAT = dwarf;
				ENABLE_STRICT_OBJC_MSGSEND = YES;
				ENABLE_TESTABILITY = YES;
				ENABLE_USER_SCRIPT_SANDBOXING = YES;
				GCC_C_LANGUAGE_STANDARD = gnu17;
				GCC_DYNAMIC_NO_PIC = NO;
				GCC_NO_COMMON_BLOCKS = YES;
				GCC_OPTIMIZATION_LEVEL = 0;
				GCC_PREPROCESSOR_DEFINITIONS = (
					"DEBUG=1",
					"$(inherited)",
				);
				GCC_WARN_64_TO_32_BIT_CONVERSION = YES;
				GCC_WARN_ABOUT_RETURN_TYPE = YES_ERROR;
				GCC_WARN_UNDECLARED_SELECTOR = YES;
				GCC_WARN_UNINITIALIZED_AUTOS = YES_AGGRESSIVE;
				GCC_WARN_UNUSED_FUNCTION = YES;
				GCC_WARN_UNUSED_VARIABLE = YES;
				LOCALIZATION_PREFERS_STRING_CATALOGS = YES;
				MACOSX_DEPLOYMENT_TARGET = 14.5;
				MTL_ENABLE_DEBUG_INFO = INCLUDE_SOURCE;
				MTL_FAST_MATH = YES;
				ONLY_ACTIVE_ARCH = YES;
				SDKROOT = macosx;
				SWIFT_ACTIVE_COMPILATION_CONDITIONS = "DEBUG $(inherited)";
				SWIFT_OPTIMIZATION_LEVEL = "-Onone";
			};
			name = Debug;
		};
		AD8C4B6F2CBE9EEB0093E531 /* Release */ = {
			isa = XCBuildConfiguration;
			baseConfigurationReference = ADBD36C12CF647A100A14C26 /* Config.xcconfig */;
			buildSettings = {
				ALWAYS_SEARCH_USER_PATHS = NO;
				ASSETCATALOG_COMPILER_GENERATE_SWIFT_ASSET_SYMBOL_EXTENSIONS = YES;
				CLANG_ANALYZER_NONNULL = YES;
				CLANG_ANALYZER_NUMBER_OBJECT_CONVERSION = YES_AGGRESSIVE;
				CLANG_CXX_LANGUAGE_STANDARD = "gnu++20";
				CLANG_ENABLE_MODULES = YES;
				CLANG_ENABLE_OBJC_ARC = YES;
				CLANG_ENABLE_OBJC_WEAK = YES;
				CLANG_WARN_BLOCK_CAPTURE_AUTORELEASING = YES;
				CLANG_WARN_BOOL_CONVERSION = YES;
				CLANG_WARN_COMMA = YES;
				CLANG_WARN_CONSTANT_CONVERSION = YES;
				CLANG_WARN_DEPRECATED_OBJC_IMPLEMENTATIONS = YES;
				CLANG_WARN_DIRECT_OBJC_ISA_USAGE = YES_ERROR;
				CLANG_WARN_DOCUMENTATION_COMMENTS = YES;
				CLANG_WARN_EMPTY_BODY = YES;
				CLANG_WARN_ENUM_CONVERSION = YES;
				CLANG_WARN_INFINITE_RECURSION = YES;
				CLANG_WARN_INT_CONVERSION = YES;
				CLANG_WARN_NON_LITERAL_NULL_CONVERSION = YES;
				CLANG_WARN_OBJC_IMPLICIT_RETAIN_SELF = YES;
				CLANG_WARN_OBJC_LITERAL_CONVERSION = YES;
				CLANG_WARN_OBJC_ROOT_CLASS = YES_ERROR;
				CLANG_WARN_QUOTED_INCLUDE_IN_FRAMEWORK_HEADER = YES;
				CLANG_WARN_RANGE_LOOP_ANALYSIS = YES;
				CLANG_WARN_STRICT_PROTOTYPES = YES;
				CLANG_WARN_SUSPICIOUS_MOVE = YES;
				CLANG_WARN_UNGUARDED_AVAILABILITY = YES_AGGRESSIVE;
				CLANG_WARN_UNREACHABLE_CODE = YES;
				CLANG_WARN__DUPLICATE_METHOD_MATCH = YES;
				COPY_PHASE_STRIP = NO;
				DEAD_CODE_STRIPPING = YES;
				DEBUG_INFORMATION_FORMAT = "dwarf-with-dsym";
				ENABLE_NS_ASSERTIONS = NO;
				ENABLE_STRICT_OBJC_MSGSEND = YES;
				ENABLE_USER_SCRIPT_SANDBOXING = YES;
				GCC_C_LANGUAGE_STANDARD = gnu17;
				GCC_NO_COMMON_BLOCKS = YES;
				GCC_WARN_64_TO_32_BIT_CONVERSION = YES;
				GCC_WARN_ABOUT_RETURN_TYPE = YES_ERROR;
				GCC_WARN_UNDECLARED_SELECTOR = YES;
				GCC_WARN_UNINITIALIZED_AUTOS = YES_AGGRESSIVE;
				GCC_WARN_UNUSED_FUNCTION = YES;
				GCC_WARN_UNUSED_VARIABLE = YES;
				LOCALIZATION_PREFERS_STRING_CATALOGS = YES;
				MACOSX_DEPLOYMENT_TARGET = 14.5;
				MTL_ENABLE_DEBUG_INFO = NO;
				MTL_FAST_MATH = YES;
				SDKROOT = macosx;
				SWIFT_COMPILATION_MODE = wholemodule;
			};
			name = Release;
		};
		ADBB9A8A2CD3EB5100BEACA6 /* Debug */ = {
			isa = XCBuildConfiguration;
			buildSettings = {
				ASSETCATALOG_COMPILER_APPICON_NAME = AppIcon;
				ASSETCATALOG_COMPILER_GLOBAL_ACCENT_COLOR_NAME = AccentColor;
				CODE_SIGN_ENTITLEMENTS = "Calculator App/CalculatorApp.entitlements";
				CODE_SIGN_STYLE = Automatic;
				COMBINE_HIDPI_IMAGES = YES;
				CURRENT_PROJECT_VERSION = 1;
				ENABLE_HARDENED_RUNTIME = YES;
				ENABLE_PREVIEWS = YES;
				GENERATE_INFOPLIST_FILE = YES;
				INFOPLIST_KEY_NSHumanReadableCopyright = "";
				LD_RUNPATH_SEARCH_PATHS = (
					"$(inherited)",
					"@executable_path/../Frameworks",
				);
				MACOSX_DEPLOYMENT_TARGET = 15.1;
				MARKETING_VERSION = 1.0;
				PRODUCT_BUNDLE_IDENTIFIER = com.yourcompany.XPCDistributedActorExample.CalculatorUI;
				PRODUCT_NAME = "$(TARGET_NAME)";
				SWIFT_EMIT_LOC_STRINGS = YES;
				SWIFT_VERSION = 5.0;
			};
			name = Debug;
		};
		ADBB9A8B2CD3EB5100BEACA6 /* Release */ = {
			isa = XCBuildConfiguration;
			buildSettings = {
				ASSETCATALOG_COMPILER_APPICON_NAME = AppIcon;
				ASSETCATALOG_COMPILER_GLOBAL_ACCENT_COLOR_NAME = AccentColor;
				CODE_SIGN_ENTITLEMENTS = "Calculator App/CalculatorApp.entitlements";
				CODE_SIGN_STYLE = Automatic;
				COMBINE_HIDPI_IMAGES = YES;
				CURRENT_PROJECT_VERSION = 1;
				ENABLE_HARDENED_RUNTIME = YES;
				ENABLE_PREVIEWS = YES;
				GENERATE_INFOPLIST_FILE = YES;
				INFOPLIST_KEY_NSHumanReadableCopyright = "";
				LD_RUNPATH_SEARCH_PATHS = (
					"$(inherited)",
					"@executable_path/../Frameworks",
				);
				MACOSX_DEPLOYMENT_TARGET = 15.1;
				MARKETING_VERSION = 1.0;
				PRODUCT_BUNDLE_IDENTIFIER = com.yourcompany.XPCDistributedActorExample.CalculatorUI;
				PRODUCT_NAME = "$(TARGET_NAME)";
				SWIFT_EMIT_LOC_STRINGS = YES;
				SWIFT_VERSION = 5.0;
			};
			name = Release;
		};
		ADBD374D2D02471500A14C26 /* Debug */ = {
			isa = XCBuildConfiguration;
			buildSettings = {
				ASSETCATALOG_COMPILER_APPICON_NAME = AppIcon;
				ASSETCATALOG_COMPILER_GLOBAL_ACCENT_COLOR_NAME = AccentColor;
				CODE_SIGN_ENTITLEMENTS = CalculatorDaemon/CalculatorDaemon.entitlements;
				CODE_SIGN_STYLE = Automatic;
				COMBINE_HIDPI_IMAGES = YES;
				CURRENT_PROJECT_VERSION = 1;
				DEVELOPMENT_ASSET_PATHS = "";
				ENABLE_HARDENED_RUNTIME = YES;
				ENABLE_PREVIEWS = YES;
				GENERATE_INFOPLIST_FILE = YES;
				INFOPLIST_KEY_NSHumanReadableCopyright = "";
				LD_RUNPATH_SEARCH_PATHS = (
					"$(inherited)",
					"@executable_path/../Frameworks",
				);
				MACOSX_DEPLOYMENT_TARGET = 15.1;
				MARKETING_VERSION = 1.0;
				PRODUCT_BUNDLE_IDENTIFIER = com.yourcompany.XPCDistributedActorExample.CalculatorDaemon;
				PRODUCT_NAME = "$(TARGET_NAME)";
				SWIFT_EMIT_LOC_STRINGS = YES;
				SWIFT_VERSION = 5.0;
			};
			name = Debug;
		};
		ADBD374E2D02471500A14C26 /* Release */ = {
			isa = XCBuildConfiguration;
			buildSettings = {
				ASSETCATALOG_COMPILER_APPICON_NAME = AppIcon;
				ASSETCATALOG_COMPILER_GLOBAL_ACCENT_COLOR_NAME = AccentColor;
				CODE_SIGN_ENTITLEMENTS = CalculatorDaemon/CalculatorDaemon.entitlements;
				CODE_SIGN_STYLE = Automatic;
				COMBINE_HIDPI_IMAGES = YES;
				CURRENT_PROJECT_VERSION = 1;
				DEVELOPMENT_ASSET_PATHS = "";
				ENABLE_HARDENED_RUNTIME = YES;
				ENABLE_PREVIEWS = YES;
				GENERATE_INFOPLIST_FILE = YES;
				INFOPLIST_KEY_NSHumanReadableCopyright = "";
				LD_RUNPATH_SEARCH_PATHS = (
					"$(inherited)",
					"@executable_path/../Frameworks",
				);
				MACOSX_DEPLOYMENT_TARGET = 15.1;
				MARKETING_VERSION = 1.0;
				PRODUCT_BUNDLE_IDENTIFIER = com.yourcompany.XPCDistributedActorExample.CalculatorDaemon;
				PRODUCT_NAME = "$(TARGET_NAME)";
				SWIFT_EMIT_LOC_STRINGS = YES;
				SWIFT_VERSION = 5.0;
			};
			name = Release;
		};
/* End XCBuildConfiguration section */

/* Begin XCConfigurationList section */
		AD189A852D9C317D008B987F /* Build configuration list for PBXNativeTarget "Calculator" */ = {
			isa = XCConfigurationList;
			buildConfigurations = (
				AD189A862D9C317D008B987F /* Debug */,
				AD189A872D9C317D008B987F /* Release */,
			);
			defaultConfigurationIsVisible = 0;
			defaultConfigurationName = Release;
		};
		AD8C4B602CBE9EEB0093E531 /* Build configuration list for PBXProject "XPCDaemonExample" */ = {
			isa = XCConfigurationList;
			buildConfigurations = (
				AD8C4B6E2CBE9EEB0093E531 /* Debug */,
				AD8C4B6F2CBE9EEB0093E531 /* Release */,
			);
			defaultConfigurationIsVisible = 0;
			defaultConfigurationName = Release;
		};
		ADBB9A892CD3EB5100BEACA6 /* Build configuration list for PBXNativeTarget "Calculator App" */ = {
			isa = XCConfigurationList;
			buildConfigurations = (
				ADBB9A8A2CD3EB5100BEACA6 /* Debug */,
				ADBB9A8B2CD3EB5100BEACA6 /* Release */,
			);
			defaultConfigurationIsVisible = 0;
			defaultConfigurationName = Release;
		};
		ADBD374C2D02471500A14C26 /* Build configuration list for PBXNativeTarget "CalculatorDaemon" */ = {
			isa = XCConfigurationList;
			buildConfigurations = (
				ADBD374D2D02471500A14C26 /* Debug */,
				ADBD374E2D02471500A14C26 /* Release */,
			);
			defaultConfigurationIsVisible = 0;
			defaultConfigurationName = Release;
		};
/* End XCConfigurationList section */

/* Begin XCLocalSwiftPackageReference section */
		ADBD36FA2CF648D600A14C26 /* XCLocalSwiftPackageReference "../../../XPCDistributedActorSystem" */ = {
			isa = XCLocalSwiftPackageReference;
			relativePath = ../../../XPCDistributedActorSystem;
		};
/* End XCLocalSwiftPackageReference section */

/* Begin XCSwiftPackageProductDependency section */
		AD189AA12D9C31F1008B987F /* XPCDistributedActorSystem */ = {
			isa = XCSwiftPackageProductDependency;
			package = ADBD36FA2CF648D600A14C26 /* XCLocalSwiftPackageReference "../../../XPCDistributedActorSystem" */;
			productName = XPCDistributedActorSystem;
		};
/* End XCSwiftPackageProductDependency section */
	};
	rootObject = AD8C4B5D2CBE9EEB0093E531 /* Project object */;
}
